{
    "_meta": {
        "hash": {
            "sha256": "e167d8275a6f3bc777e0eaf9d5352e867446c1f60111e905b4ea8c7a7e351ad8"
        },
        "pipfile-spec": 6,
        "requires": {
            "python_version": "3.12"
        },
        "sources": [
            {
                "name": "pypi",
                "url": "https://pypi.org/simple",
                "verify_ssl": true
            }
        ]
    },
    "default": {
        "asgiref": {
            "hashes": [
                "sha256:3e1e3ecc849832fe52ccf2cb6686b7a55f82bb1d6aee72a58826471390335e47",
                "sha256:c343bd80a0bec947a9860adb4c432ffa7db769836c64238fc34bdc3fec84d590"
            ],
            "markers": "python_version >= '3.8'",
            "version": "==3.8.1"
        },
        "django": {
            "hashes": [
                "sha256:1323617cb624add820cb9611cdcc788312d250824f92ca6048fda8625514af2b",
                "sha256:30de4ee43a98e5d3da36a9002f287ff400b43ca51791920bfb35f6917bfe041c"
            ],
            "index": "pypi",
            "markers": "python_version >= '3.10'",
            "version": "==5.1.7"
        },
        "django-browser-reload": {
            "hashes": [
                "sha256:c5f0b134723cbf2a0dc9ae1ee1d38e42db28fe23c74cdee613ba3ef286d04735",
                "sha256:ed4cc2fb83c3bf6c30b54107a1a6736c0b896e62e4eba666d81005b9f2ecf6f8"
            ],
            "index": "pypi",
            "markers": "python_version >= '3.9'",
            "version": "==1.18.0"
        },
        "django-cors-headers": {
            "hashes": [
                "sha256:6fdf31bf9c6d6448ba09ef57157db2268d515d94fc5c89a0a1028e1fc03ee52b",
                "sha256:f1c125dcd58479fe7a67fe2499c16ee38b81b397463cf025f0e2c42937421070"
            ],
            "index": "pypi",
            "markers": "python_version >= '3.9'",
            "version": "==4.7.0"
        },
        "django-utils-six": {
            "hashes": [
                "sha256:4ef9d20de679a5b2448429476452493661fe08f23d6e788a8e9816ec05e3c5b0",
                "sha256:8f0e77289d911069a6a15bab5a25ccf2c0fcb8fc4177461dd17470cfdeb94aa6"
            ],
            "index": "pypi",
            "markers": "python_version >= '3.6' and python_version < '4.0'",
            "version": "==2.0"
        },
        "pillow": {
            "hashes": [
                "sha256:00f8830ac57dc38bfacfb8bb1b7987da7ccbf99131dae0e826bfbaa2c8dfc990",
                "sha256:07cd635650ddd10be04148e7f2e895afa240d0ea5e810cd10f650adba13f5f93",
                "sha256:0b46b5ee8443213da50b08caa1b2f7c407233873f6153c6fcf558fab57ac658b",
                "sha256:0d3408815fc6ab70283916e0b058e7a4bbacdd7b5bb71ef81a9a507df4580b9a",
                "sha256:0f19332b8de08305db8e003272ba86f5a65231b848a44ceef2e9593101637208",
                "sha256:10502f9425768a4f9c1c8471a7a3f942da659c727369bab1241b7ae1ff16f93f",
                "sha256:106fce029c62ddfed767e4f8cc3396e90ba45320d87df58bf83a73fdbe73f09b",
                "sha256:20d8f9626c3d48baf14e01aca763e5457508cf4245ef0232ba601a4bfa3d26ce",
                "sha256:23fedf0def4193848ce5be2f685e3606c1ebf42a033cfa092b729e6cf844d337",
                "sha256:25e533264bec3ca5dc6e1587810dce1c2dda0b9d63ed4e27fa72092cb351cd55",
                "sha256:284bcf4d37699a3ca6af2f42ba5e90589802f9c9e0c09e4a1a05732e634e94f1",
                "sha256:290fd44a0b517a48af7660b7586538f9db1fe0656d7d6c97b0aefd2a4ad2b14d",
                "sha256:36de59d15a95584fad3758c4bcb992c3bf279ddd86236d3f096dbf696efc2b48",
                "sha256:38afd040bafe3c2893de4e011557c309a878e8fde07e3303bf3cb0f9832d237c",
                "sha256:3a03f96498762c9a6e80282ce43386847e61540011510bf790c48488d834205d",
                "sha256:40f972b6e2a97c633fa25c3c8405d45942747eaf838805d76f7da0363a7696ec",
                "sha256:4122bb11e4d238ed28ecff24863c620aac22732bc102ab9550e99f6fd6eaf869",
                "sha256:4202372ccb549a3f12de2cebbafa82b0a3d8e2cb5569fa4b698e7da6b6521687",
                "sha256:47dcb3289613e256c2419242f6d92b1c9ce28368bd337f6a0cf50cddfb8cc69a",
                "sha256:4846c8efa94eda17832f09c4e8691c9aaeb7eef758c8b622af44e60887fcaf12",
                "sha256:491e11b37e322fc6e80b485f99203e6c4ed69ea170eb6d25e9cb9eb0b92db7e5",
                "sha256:4d1c229f800addb9158c26661c6ade9cb038ff7bb98e3c0149e8fd3a7b6e6e08",
                "sha256:4d28e47fe5a5e5692ea5d239e8bb6c610cf2dad550fc34c5a32d49b1ffd1c891",
                "sha256:52ecd8f581cd5aa0fcc29291acc99b38dbaf898272e86e3146ec3996ed370a46",
                "sha256:54206449613db62c82585bb26ac70f3a1a97654d70ad796b4e05624ef1b08f4e",
                "sha256:57bc12a7d9175ec13c6e1e2a41532e6ae0f5218988259d1f83dd5f7097369ef8",
                "sha256:582c458d766c479ebf5679d582fef698a42b803fa07190e04267280db4f14725",
                "sha256:597b629e4d135ebb904f58d0b3328c58dba3ac7bd1f9585e0dddcb250d3f955c",
                "sha256:5c3a8f916c494c0a3dc37daf5a0e7d98480a6f839ad0fa472e9858b667b48268",
                "sha256:63e0395313bc32de78309e24a298dc4986f8a93fc917032412f510a272ee9f25",
                "sha256:6581ee02eec144cbcdeb6bef055142129cfda0f52939480d81806ee8d61ab4f3",
                "sha256:65dfab8348a42ba9883141e4fa09a7db6ff2a203d17450717b998fb27f4ba0b4",
                "sha256:676461578f605c8e56ea108c371632e4bf40697996d80b5899c592043432e5f1",
                "sha256:6fa29d8fcaf8a830ced88f390baffe32ae1ba41873a3f6c8946213d067db7ae0",
                "sha256:70daf0b69bc9017796cb74a38a597a34e311e4e3e5254d7e4aa42aab3d1d3eac",
                "sha256:71733ea2d70a5fc498b7675cb37e7dcfb2b1889d8a08128ec2a62b6843f0660a",
                "sha256:728f2381d178722d008772e57b3252b8c6c0c284cee76e798ffb392ca71e3fd9",
                "sha256:77cea582243e7286ac23ef6315eeb1434f5ccfc710afa16a8999194aa9d1e88a",
                "sha256:789c65fa7d2a17dc585bb4cc0f08392de5960f7e1a69c6171a82c9f7c5c98b3c",
                "sha256:7d516f854dadc0f449f0db7b93009d3169ae126511ee754c954b4a43c432bd9d",
                "sha256:87c715dd5dc439bde27cf745d59b66af39b2df4355bc57ddd2e51f87f768fb06",
                "sha256:8b46bd331193a7b223864010e751a30ec48245e5106e00eda94b435e37109de1",
                "sha256:92baf77b80de05ede82b14d92bf89a7f0067501b9476df0a162004f3bb015b50",
                "sha256:9565b70771a38b096b0f78d830be5338ca9a0b810ea6cbfab54c64f0266f9c72",
                "sha256:98cd082d9a523cb0f2f8775ec122e67a5cfd9afc6549d91aafe0c2d75535d008",
                "sha256:9ec3481f45d9616bb18b5f3b145744dfcdfabea6a23efe233b8a9026852369d1",
                "sha256:a32b243b37c060884bd04f6bb709a22d86ec05662374076e6a35c07ac0361477",
                "sha256:a9cd300d223efadd1e540521bae1fcdab406ef6c5f2ca6e46370f5671b607f26",
                "sha256:afa1718a5ca25d52c766dfaae795d0286363b7adb005965aadfd9eea804fd0b3",
                "sha256:b228ae10b25650539d37c056063c8f34c0da4f69419ce03249dfd0adc322d46b",
                "sha256:b4204996f6a813f5ca8e7d6365e104ec7391315d014780a909eadc19e613fcf9",
                "sha256:b653372f6b3a7df74cd52abc8c400670ab08dd4473317508ed45668e87df0284",
                "sha256:b92d9059719ec9a718ac9e04039764b10551f2c929db6cd6015e90f9c62f8b34",
                "sha256:be7a73fb992a9cb8e4362220037ea10d3eb52d0804220ca98de4f7d24c1f36c9",
                "sha256:c026e417ebede0e84d9358cc1d9f702356e61a787be882016fbca4fb1248c0d1",
                "sha256:c25567ad74526f362b55940d786e70568a05759a7d3b7de1f12aeec6920bc1ae",
                "sha256:c2a6700be18335d341ddd12facbc49dcf0febbfeefdda4990e017698a8e66f59",
                "sha256:c8a74615674cca471e825392d833e666a945b2bbedfd93299d800f60ae6c495c",
                "sha256:cade37bde4fbe239b177e809a2599c2772f7e54e3c7a355431de6a25023a50d3",
                "sha256:cb17dc417e951a3af0c5a9ed2641b8b37e7b0e78fe685b91b927de474cddad58",
                "sha256:d31997b8ddae9db2d93d9fe195b3bae67746419b22cb65dddcfd5d649aa7f26d",
                "sha256:d8a9dc58117878e94303dbc32a4c9fe470f6b77f349954d4ae003870c9ac7a83",
                "sha256:ed1f80258bc01a0bc5c5f2eda7e4cbd9bc25060dc69be2f00fe1435ba48f4ff4",
                "sha256:f0125a9e668df3e83ff2cfa5800dfe5646591449abae40abf75a1d8b325ddd33",
                "sha256:f50edae2624495d3b075e40f65d86bcbf374fa822dfc05f1d9dc995507c410ed",
                "sha256:f56cd367fb7b5b2779c2b8e5ab2b228ce526b122c21126f4649f9ecd3796efc4",
                "sha256:f67f2191773d7a54f8bad94ba781cba88aedf52fed0ff6f6050065f824d201a4",
                "sha256:fe61cadf4f0449de64fb6911bca381f1a4c1f04cce3027a0d12ebaba626f97cd",
                "sha256:ff44a55a650c0337d3db764cec4f85d1324369e5cf10f6daa96c9513182730a9",
                "sha256:ffcfac194064f4a5bc389b9ef910a60b9bc8573a7e59f081fbc71a59794140f2"
            ],
            "index": "pypi",
            "markers": "python_version >= '3.9'",
            "version": "==11.2.0"
        },
        "psycopg2-binary": {
            "hashes": [
                "sha256:04392983d0bb89a8717772a193cfaac58871321e3ec69514e1c4e0d4957b5aff",
                "sha256:056470c3dc57904bbf63d6f534988bafc4e970ffd50f6271fc4ee7daad9498a5",
                "sha256:0ea8e3d0ae83564f2fc554955d327fa081d065c8ca5cc6d2abb643e2c9c1200f",
                "sha256:155e69561d54d02b3c3209545fb08938e27889ff5a10c19de8d23eb5a41be8a5",
                "sha256:18c5ee682b9c6dd3696dad6e54cc7ff3a1a9020df6a5c0f861ef8bfd338c3ca0",
                "sha256:19721ac03892001ee8fdd11507e6a2e01f4e37014def96379411ca99d78aeb2c",
                "sha256:1a6784f0ce3fec4edc64e985865c17778514325074adf5ad8f80636cd029ef7c",
                "sha256:2286791ececda3a723d1910441c793be44625d86d1a4e79942751197f4d30341",
                "sha256:230eeae2d71594103cd5b93fd29d1ace6420d0b86f4778739cb1a5a32f607d1f",
                "sha256:245159e7ab20a71d989da00f280ca57da7641fa2cdcf71749c193cea540a74f7",
                "sha256:26540d4a9a4e2b096f1ff9cce51253d0504dca5a85872c7f7be23be5a53eb18d",
                "sha256:270934a475a0e4b6925b5f804e3809dd5f90f8613621d062848dd82f9cd62007",
                "sha256:27422aa5f11fbcd9b18da48373eb67081243662f9b46e6fd07c3eb46e4535142",
                "sha256:2ad26b467a405c798aaa1458ba09d7e2b6e5f96b1ce0ac15d82fd9f95dc38a92",
                "sha256:2b3d2491d4d78b6b14f76881905c7a8a8abcf974aad4a8a0b065273a0ed7a2cb",
                "sha256:2ce3e21dc3437b1d960521eca599d57408a695a0d3c26797ea0f72e834c7ffe5",
                "sha256:30e34c4e97964805f715206c7b789d54a78b70f3ff19fbe590104b71c45600e5",
                "sha256:3216ccf953b3f267691c90c6fe742e45d890d8272326b4a8b20850a03d05b7b8",
                "sha256:32581b3020c72d7a421009ee1c6bf4a131ef5f0a968fab2e2de0c9d2bb4577f1",
                "sha256:35958ec9e46432d9076286dda67942ed6d968b9c3a6a2fd62b48939d1d78bf68",
                "sha256:3abb691ff9e57d4a93355f60d4f4c1dd2d68326c968e7db17ea96df3c023ef73",
                "sha256:3c18f74eb4386bf35e92ab2354a12c17e5eb4d9798e4c0ad3a00783eae7cd9f1",
                "sha256:3c4745a90b78e51d9ba06e2088a2fe0c693ae19cc8cb051ccda44e8df8a6eb53",
                "sha256:3c4ded1a24b20021ebe677b7b08ad10bf09aac197d6943bfe6fec70ac4e4690d",
                "sha256:3e9c76f0ac6f92ecfc79516a8034a544926430f7b080ec5a0537bca389ee0906",
                "sha256:48b338f08d93e7be4ab2b5f1dbe69dc5e9ef07170fe1f86514422076d9c010d0",
                "sha256:4b3df0e6990aa98acda57d983942eff13d824135fe2250e6522edaa782a06de2",
                "sha256:512d29bb12608891e349af6a0cccedce51677725a921c07dba6342beaf576f9a",
                "sha256:5a507320c58903967ef7384355a4da7ff3f28132d679aeb23572753cbf2ec10b",
                "sha256:5c370b1e4975df846b0277b4deba86419ca77dbc25047f535b0bb03d1a544d44",
                "sha256:6b269105e59ac96aba877c1707c600ae55711d9dcd3fc4b5012e4af68e30c648",
                "sha256:6d4fa1079cab9018f4d0bd2db307beaa612b0d13ba73b5c6304b9fe2fb441ff7",
                "sha256:6dc08420625b5a20b53551c50deae6e231e6371194fa0651dbe0fb206452ae1f",
                "sha256:73aa0e31fa4bb82578f3a6c74a73c273367727de397a7a0f07bd83cbea696baa",
                "sha256:7559bce4b505762d737172556a4e6ea8a9998ecac1e39b5233465093e8cee697",
                "sha256:79625966e176dc97ddabc142351e0409e28acf4660b88d1cf6adb876d20c490d",
                "sha256:7a813c8bdbaaaab1f078014b9b0b13f5de757e2b5d9be6403639b298a04d218b",
                "sha256:7b2c956c028ea5de47ff3a8d6b3cc3330ab45cf0b7c3da35a2d6ff8420896526",
                "sha256:7f4152f8f76d2023aac16285576a9ecd2b11a9895373a1f10fd9db54b3ff06b4",
                "sha256:7f5d859928e635fa3ce3477704acee0f667b3a3d3e4bb109f2b18d4005f38287",
                "sha256:851485a42dbb0bdc1edcdabdb8557c09c9655dfa2ca0460ff210522e073e319e",
                "sha256:8608c078134f0b3cbd9f89b34bd60a943b23fd33cc5f065e8d5f840061bd0673",
                "sha256:880845dfe1f85d9d5f7c412efea7a08946a46894537e4e5d091732eb1d34d9a0",
                "sha256:8aabf1c1a04584c168984ac678a668094d831f152859d06e055288fa515e4d30",
                "sha256:8aecc5e80c63f7459a1a2ab2c64df952051df196294d9f739933a9f6687e86b3",
                "sha256:8cd9b4f2cfab88ed4a9106192de509464b75a906462fb846b936eabe45c2063e",
                "sha256:8de718c0e1c4b982a54b41779667242bc630b2197948405b7bd8ce16bcecac92",
                "sha256:9440fa522a79356aaa482aa4ba500b65f28e5d0e63b801abf6aa152a29bd842a",
                "sha256:b5f86c56eeb91dc3135b3fd8a95dc7ae14c538a2f3ad77a19645cf55bab1799c",
                "sha256:b73d6d7f0ccdad7bc43e6d34273f70d587ef62f824d7261c4ae9b8b1b6af90e8",
                "sha256:bb89f0a835bcfc1d42ccd5f41f04870c1b936d8507c6df12b7737febc40f0909",
                "sha256:c3cc28a6fd5a4a26224007712e79b81dbaee2ffb90ff406256158ec4d7b52b47",
                "sha256:ce5ab4bf46a211a8e924d307c1b1fcda82368586a19d0a24f8ae166f5c784864",
                "sha256:d00924255d7fc916ef66e4bf22f354a940c67179ad3fd7067d7a0a9c84d2fbfc",
                "sha256:d7cd730dfa7c36dbe8724426bf5612798734bff2d3c3857f36f2733f5bfc7c00",
                "sha256:e217ce4d37667df0bc1c397fdcd8de5e81018ef305aed9415c3b093faaeb10fb",
                "sha256:e3923c1d9870c49a2d44f795df0c889a22380d36ef92440ff618ec315757e539",
                "sha256:e5720a5d25e3b99cd0dc5c8a440570469ff82659bb09431c1439b92caf184d3b",
                "sha256:e8b58f0a96e7a1e341fc894f62c1177a7c83febebb5ff9123b579418fdc8a481",
                "sha256:e984839e75e0b60cfe75e351db53d6db750b00de45644c5d1f7ee5d1f34a1ce5",
                "sha256:eb09aa7f9cecb45027683bb55aebaaf45a0df8bf6de68801a6afdc7947bb09d4",
                "sha256:ec8a77f521a17506a24a5f626cb2aee7850f9b69a0afe704586f63a464f3cd64",
                "sha256:ecced182e935529727401b24d76634a357c71c9275b356efafd8a2a91ec07392",
                "sha256:ee0e8c683a7ff25d23b55b11161c2663d4b099770f6085ff0a20d4505778d6b4",
                "sha256:f0c2d907a1e102526dd2986df638343388b94c33860ff3bbe1384130828714b1",
                "sha256:f758ed67cab30b9a8d2833609513ce4d3bd027641673d4ebc9c067e4d208eec1",
                "sha256:f8157bed2f51db683f31306aa497311b560f2265998122abe1dce6428bd86567",
                "sha256:ffe8ed017e4ed70f68b7b371d84b7d4a790368db9203dfc2d222febd3a9c8863"
            ],
            "index": "pypi",
            "markers": "python_version >= '3.8'",
            "version": "==2.9.10"
        },
        "pymupdf": {
            "hashes": [
                "sha256:5a35e2725fae0ab57f058dff77615c15eb5961eac50ba04f41ebc792cd8facad",
                "sha256:5f96311cacd13254c905f6654a004a0a2025b71cabc04fda667f5472f72c15a0",
                "sha256:65e18ddb37fe8ec4edcdbebe9be3a8486b6a2f42609d0a142677e42f3a0614f8",
                "sha256:6ed7fc25271004d6d3279c20a80cb2bb4cda3efa9f9088dcc07cd790eca0bc63",
                "sha256:7f44bc3d03ea45b2f68c96464f96105e8c7908896f2fb5e8c04f1fb8dae7981e",
                "sha256:cde4e1c9cfb09c0e1e9c2b7f4b787dd6bb34a32cfe141a4675e24af7c0c25dd3",
                "sha256:d94b800e9501929c42283d39bc241001dd87fdeea297b5cb40d5b5714534452f",
                "sha256:ee22155d3a634642d76553204867d862ae1bdd9f7cf70c0797d8127ebee6bed5"
            ],
            "index": "pypi",
            "markers": "python_version >= '3.9'",
            "version": "==1.25.5"
        },
        "pymupdfb": {
            "hashes": [
                "sha256:198f6b3713b6f980fa96c1099be0d5459c7d43c593299948f0ba528577e6bf46",
                "sha256:20ea17fd5799dcf7813ec099c0ce303f763e6e4ba8d0f54d5f84e4df90c3a340",
                "sha256:3c9e694b1fb1bde37a8d3c953fbd0916e7dee8a4650142547d4f832105b17689",
                "sha256:3fd74ee7969712ab457495465da0a61aab44d8cf9b71b9ef51910a8c6a90ad57",
                "sha256:5505f07b3dded6e791ab7d10d01f0687e913fc75edd23fdf2825a582b6651558",
                "sha256:ae044ebc8299f5a3ba822a6dfe97285dffd6c66cba194bc39180aa189a2755c9",
                "sha256:c6b8adc0b9c91ff0f657440a816ad2130429a808cd53ff273f3e72532e526bdc",
                "sha256:eb5b38f588963a239a8c0bca99d3d912f0c04674e3c6e7199e44cebd22840061"
            ],
            "markers": "python_version >= '3.8'",
            "version": "==1.24.9"
        },
        "six": {
            "hashes": [
                "sha256:4721f391ed90541fddacab5acf947aa0d3dc7d27b2e1e8eda2be8970586c3274",
                "sha256:ff70335d468e7eb6ec65b95b99d3a2836546063f63acc5171de367e834932a81"
            ],
            "index": "pypi",
            "markers": "python_version >= '2.7' and python_version not in '3.0, 3.1, 3.2'",
            "version": "==1.17.0"
        },
        "sqlparse": {
            "hashes": [
                "sha256:09f67787f56a0b16ecdbde1bfc7f5d9c3371ca683cfeaa8e6ff60b4807ec9272",
                "sha256:cf2196ed3418f3ba5de6af7e82c694a9fbdbfecccdfc72e281548517081f16ca"
            ],
            "markers": "python_version >= '3.8'",
            "version": "==0.5.3"
        },
        "tzdata": {
            "hashes": [
                "sha256:1a403fada01ff9221ca8044d701868fa132215d84beb92242d9acd2147f667a8",
                "sha256:b60a638fcc0daffadf82fe0f57e53d06bdec2f36c4df66280ae79bce6bd6f2b9"
            ],
            "markers": "python_version >= '2'",
            "version": "==2025.2"
        },
        "whitenoise": {
            "hashes": [
                "sha256:8c4a7c9d384694990c26f3047e118c691557481d624f069b7f7752a2f735d609",
                "sha256:c8a489049b7ee9889617bb4c274a153f3d979e8f51d2efd0f5b403caf41c57df"
            ],
            "index": "pypi",
            "markers": "python_version >= '3.9'",
            "version": "==6.9.0"
        }
    },
    "develop": {}
}
